{
  "name": "verman-demo",
  "version": "4.2.1",
  "lockfileVersion": 2,
  "requires": true,
  "packages": {
    "": {
      "name": "verman-demo",
      "version": "4.2.1",
      "license": "ISC",
      "dependencies": {
        "cpu-bench": "^0.3.0",
        "verman": "^0.1.0"
      }
    },
    "node_modules/cpu-bench": {
      "version": "0.3.0",
      "resolved": "https://registry.npmjs.org/cpu-bench/-/cpu-bench-0.3.0.tgz",
      "integrity": "sha512-dBAxBvEaSm1a1a5HPglH2UelvfQkpQE/MWcMG7D9bIMcbaF9zuG8SlT0fo2A9m8RIh7Q4ujaGSI4NXUA1dyvnw==",
      "bin": {
        "cpu-bench": "bin/cpu-bench-cmd.js"
      }
    },
    "node_modules/verman": {
      "version": "0.1.0",
      "resolved": "https://registry.npmjs.org/verman/-/verman-0.1.0.tgz",
      "integrity": "sha512-IwOZkxugZUbL4sRjhhdZ0ltO9g5RdUpyXOSOhJZHDBf1njubYRt7e7vJbEfX+fM/c6CPmeySq8WTsEyyBE8WDA==",
      "bin": {
        "verman": "bin/verman-cmd.js"
      }
    }
  },
  "dependencies": {
    "cpu-bench": {
      "version": "0.3.0",
      "resolved": "https://registry.npmjs.org/cpu-bench/-/cpu-bench-0.3.0.tgz",
      "integrity": "sha512-dBAxBvEaSm1a1a5HPglH2UelvfQkpQE/MWcMG7D9bIMcbaF9zuG8SlT0fo2A9m8RIh7Q4ujaGSI4NXUA1dyvnw=="
    },
    "verman": {
      "version": "0.1.0",
      "resolved": "https://registry.npmjs.org/verman/-/verman-0.1.0.tgz",
      "integrity": "sha512-IwOZkxugZUbL4sRjhhdZ0ltO9g5RdUpyXOSOhJZHDBf1njubYRt7e7vJbEfX+fM/c6CPmeySq8WTsEyyBE8WDA=="
    }
  }
}
