{
  "name": "verman-demo",
  "version": "3.1.0",
  "lockfileVersion": 2,
  "requires": true,
  "packages": {
    "": {
      "name": "verman-demo",
      "version": "3.1.0",
      "license": "ISC",
      "dependencies": {
        "verman": "^0.1.0"
      }
    },
    "node_modules/verman": {
      "version": "0.1.0",
      "resolved": "https://registry.npmjs.org/verman/-/verman-0.1.0.tgz",
      "integrity": "sha512-IwOZkxugZUbL4sRjhhdZ0ltO9g5RdUpyXOSOhJZHDBf1njubYRt7e7vJbEfX+fM/c6CPmeySq8WTsEyyBE8WDA==",
      "bin": {
        "verman": "bin/verman-cmd.js"
      }
    }
  },
  "dependencies": {
    "verman": {
      "version": "0.1.0",
      "resolved": "https://registry.npmjs.org/verman/-/verman-0.1.0.tgz",
      "integrity": "sha512-IwOZkxugZUbL4sRjhhdZ0ltO9g5RdUpyXOSOhJZHDBf1njubYRt7e7vJbEfX+fM/c6CPmeySq8WTsEyyBE8WDA=="
    }
  }
}
