{
  "name": "voltron",
  "version": "0.0.2",
  "lockfileVersion": 2,
  "requires": true,
  "packages": {
    "": {
      "name": "voltron",
      "version": "0.0.2",
      "license": "MIT",
      "dependencies": {
        "cpu-bench": "^0.0.4"
      },
      "devDependencies": {
        "@types/node": "^16.4.13"
      }
    },
    "node_modules/@types/node": {
      "version": "16.6.1",
      "resolved": "https://registry.npmjs.org/@types/node/-/node-16.6.1.tgz",
      "integrity": "sha512-Sr7BhXEAer9xyGuCN3Ek9eg9xPviCF2gfu9kTfuU2HkTVAMYSDeX40fvpmo72n5nansg3nsBjuQBrsS28r+NUw==",
      "dev": true
    },
    "node_modules/cpu-bench": {
      "version": "0.0.4",
      "resolved": "https://registry.npmjs.org/cpu-bench/-/cpu-bench-0.0.4.tgz",
      "integrity": "sha512-QublGvfLG3F2j82K3IGnCYJ/NPZYogVzhjYVOf9/BWy9IuYm6jj38uEUs2Z3LIPKI/zh4McG9XZ3bA87xtBfeg=="
    }
  },
  "dependencies": {
    "@types/node": {
      "version": "16.6.1",
      "resolved": "https://registry.npmjs.org/@types/node/-/node-16.6.1.tgz",
      "integrity": "sha512-Sr7BhXEAer9xyGuCN3Ek9eg9xPviCF2gfu9kTfuU2HkTVAMYSDeX40fvpmo72n5nansg3nsBjuQBrsS28r+NUw==",
      "dev": true
    },
    "cpu-bench": {
      "version": "0.0.4",
      "resolved": "https://registry.npmjs.org/cpu-bench/-/cpu-bench-0.0.4.tgz",
      "integrity": "sha512-QublGvfLG3F2j82K3IGnCYJ/NPZYogVzhjYVOf9/BWy9IuYm6jj38uEUs2Z3LIPKI/zh4McG9XZ3bA87xtBfeg=="
    }
  }
}
