{
  "name": "voltron",
  "version": "0.0.2",
  "lockfileVersion": 2,
  "requires": true,
  "packages": {
    "": {
      "name": "voltron",
      "version": "0.0.2",
      "license": "MIT",
      "dependencies": {
        "cpu-bench": "^0.0.5"
      },
      "devDependencies": {
        "@types/node": "^16.6.1"
      }
    },
    "node_modules/@types/node": {
      "version": "16.6.1",
      "resolved": "https://registry.npmjs.org/@types/node/-/node-16.6.1.tgz",
      "integrity": "sha512-Sr7BhXEAer9xyGuCN3Ek9eg9xPviCF2gfu9kTfuU2HkTVAMYSDeX40fvpmo72n5nansg3nsBjuQBrsS28r+NUw==",
      "dev": true
    },
    "node_modules/cpu-bench": {
      "version": "0.0.5",
      "resolved": "https://registry.npmjs.org/cpu-bench/-/cpu-bench-0.0.5.tgz",
      "integrity": "sha512-z69VCM8ZT/Bpn7DmEfjOqkZla2PPP9cG8V9QZNUkVunZGB2K35Ry7WKhmecAJ4oKAOJLC1PipotAhnPXFRNwUQ=="
    }
  },
  "dependencies": {
    "@types/node": {
      "version": "16.6.1",
      "resolved": "https://registry.npmjs.org/@types/node/-/node-16.6.1.tgz",
      "integrity": "sha512-Sr7BhXEAer9xyGuCN3Ek9eg9xPviCF2gfu9kTfuU2HkTVAMYSDeX40fvpmo72n5nansg3nsBjuQBrsS28r+NUw==",
      "dev": true
    },
    "cpu-bench": {
      "version": "0.0.5",
      "resolved": "https://registry.npmjs.org/cpu-bench/-/cpu-bench-0.0.5.tgz",
      "integrity": "sha512-z69VCM8ZT/Bpn7DmEfjOqkZla2PPP9cG8V9QZNUkVunZGB2K35Ry7WKhmecAJ4oKAOJLC1PipotAhnPXFRNwUQ=="
    }
  }
}
